// !$*UTF8*$!
{
	archiveVersion = 1;
	classes = {
	};
	objectVersion = 46;
	objects = {

/* Begin PBXAggregateTarget section */
		2974DBC61C988CC700413303 /* VirtioFamilyKextLEPackage */ = {
			isa = PBXAggregateTarget;
			buildConfigurationList = 2974DBC71C988CC800413303 /* Build configuration list for PBXAggregateTarget "VirtioFamilyKextLEPackage" */;
			buildPhases = (
				2974DBCC1C9891AC00413303 /* CopyFiles */,
				2974DBCE1C9891D400413303 /* ShellScript */,
			);
			dependencies = (
				2974DBCB1C98919800413303 /* PBXTargetDependency */,
			);
			name = VirtioFamilyKextLEPackage;
			productName = VirtioFamilyKextLEPackage;
		};
		2974DBCF1C98928600413303 /* VirtioFamilyKextSLEPackage */ = {
			isa = PBXAggregateTarget;
			buildConfigurationList = 2974DBD01C98928600413303 /* Build configuration list for PBXAggregateTarget "VirtioFamilyKextSLEPackage" */;
			buildPhases = (
				2974DBD61C98929100413303 /* CopyFiles */,
				2974DBD51C98928F00413303 /* ShellScript */,
			);
			dependencies = (
				2974DBD41C98928C00413303 /* PBXTargetDependency */,
			);
			name = VirtioFamilyKextSLEPackage;
			productName = VirtioFamilyKextSLEPackage;
		};
		2974DBD81C98931100413303 /* VirtioFamilyInstaller */ = {
			isa = PBXAggregateTarget;
			buildConfigurationList = 2974DBD91C98931100413303 /* Build configuration list for PBXAggregateTarget "VirtioFamilyInstaller" */;
			buildPhases = (
				2974DBE01C98932300413303 /* ShellScript */,
			);
			dependencies = (
				2974DBDF1C98931A00413303 /* PBXTargetDependency */,
				2974DBDD1C98931700413303 /* PBXTargetDependency */,
			);
			name = VirtioFamilyInstaller;
			productName = VirtioFamilyInstaller;
		};
/* End PBXAggregateTarget section */

/* Begin PBXBuildFile section */
		294EC538186CCC1D0079686B /* PJMbufMemoryDescriptor.cpp in Sources */ = {isa = PBXBuildFile; fileRef = 294EC536186CCC1D0079686B /* PJMbufMemoryDescriptor.cpp */; };
		294EC539186CCC1D0079686B /* PJMbufMemoryDescriptor.h in Headers */ = {isa = PBXBuildFile; fileRef = 294EC537186CCC1D0079686B /* PJMbufMemoryDescriptor.h */; };
		294EC53C186D0DC00079686B /* SSDCMultiSubrangeMemoryDescriptor.cpp in Sources */ = {isa = PBXBuildFile; fileRef = 294EC53A186D0DC00079686B /* SSDCMultiSubrangeMemoryDescriptor.cpp */; };
		294EC53D186D0DC00079686B /* SSDCMultiSubrangeMemoryDescriptor.h in Headers */ = {isa = PBXBuildFile; fileRef = 294EC53B186D0DC00079686B /* SSDCMultiSubrangeMemoryDescriptor.h */; };
		2974DBCD1C9891C800413303 /* VirtioFamily.kext in CopyFiles */ = {isa = PBXBuildFile; fileRef = D3D41D2D1AB84E470021F71A /* VirtioFamily.kext */; };
		2974DBE61C989FD300413303 /* VirtioFamily.kext in CopyFiles */ = {isa = PBXBuildFile; fileRef = D3D41D2D1AB84E470021F71A /* VirtioFamily.kext */; settings = {ATTRIBUTES = (RemoveHeadersOnCopy, ); }; };
		298A5AC413F2BDEE00348079 /* LICENSE in Resources */ = {isa = PBXBuildFile; fileRef = 298A5AC313F2BDED00348079 /* LICENSE */; };
		299F18F313DC183D000200A5 /* InfoPlist.strings in Resources */ = {isa = PBXBuildFile; fileRef = 299F18F113DC183D000200A5 /* InfoPlist.strings */; };
		299F18F613DC183D000200A5 /* virtio_net.h in Headers */ = {isa = PBXBuildFile; fileRef = 299F18F513DC183D000200A5 /* virtio_net.h */; };
		299F18F813DC183D000200A5 /* virtio_net.cpp in Sources */ = {isa = PBXBuildFile; fileRef = 299F18F713DC183D000200A5 /* virtio_net.cpp */; };
		29A7E26213E2DC0B00E33939 /* virtio_ring.h in Headers */ = {isa = PBXBuildFile; fileRef = 29A7E26113E2DC0B00E33939 /* virtio_ring.h */; };
		29CD526E13DD86D40062DAA6 /* readme.md in Resources */ = {isa = PBXBuildFile; fileRef = 29CD526D13DD86D40062DAA6 /* readme.md */; };
		D36B0C871AE6566100EB445E /* VirtioSCSIController.cpp in Sources */ = {isa = PBXBuildFile; fileRef = D36B0C851AE6566100EB445E /* VirtioSCSIController.cpp */; };
		D36B0C881AE6566100EB445E /* VirtioSCSIController.h in Headers */ = {isa = PBXBuildFile; fileRef = D36B0C861AE6566100EB445E /* VirtioSCSIController.h */; };
		D395DCC71AC96F0C00C4EE18 /* VirtioBlockDevice.cpp in Sources */ = {isa = PBXBuildFile; fileRef = D395DCC51AC96F0C00C4EE18 /* VirtioBlockDevice.cpp */; };
		D395DCC81AC96F0C00C4EE18 /* VirtioBlockDevice.h in Headers */ = {isa = PBXBuildFile; fileRef = D395DCC61AC96F0C00C4EE18 /* VirtioBlockDevice.h */; };
		D395DCD01ACAD4F200C4EE18 /* slist_queue.c in Sources */ = {isa = PBXBuildFile; fileRef = D395DCCB1ACAD4F200C4EE18 /* slist_queue.c */; };
		D395DCD11ACAD4F200C4EE18 /* slist_queue.h in Headers */ = {isa = PBXBuildFile; fileRef = D395DCCC1ACAD4F200C4EE18 /* slist_queue.h */; };
		D395DCD21ACAD4F200C4EE18 /* slist.c in Sources */ = {isa = PBXBuildFile; fileRef = D395DCCD1ACAD4F200C4EE18 /* slist.c */; };
		D395DCD31ACAD4F200C4EE18 /* slist.h in Headers */ = {isa = PBXBuildFile; fileRef = D395DCCE1ACAD4F200C4EE18 /* slist.h */; };
		D395DCD41ACAD4F200C4EE18 /* util.h in Headers */ = {isa = PBXBuildFile; fileRef = D395DCCF1ACAD4F200C4EE18 /* util.h */; };
		D395DCD81ACAF01900C4EE18 /* PJCommandGate.h in Headers */ = {isa = PBXBuildFile; fileRef = D395DCD61ACAF01900C4EE18 /* PJCommandGate.h */; };
		D3A434B01ACAF57800EE7F73 /* SSDCMultiSubrangeMemoryDescriptor.cpp in Sources */ = {isa = PBXBuildFile; fileRef = 294EC53A186D0DC00079686B /* SSDCMultiSubrangeMemoryDescriptor.cpp */; };
		D3D41D321AB84E470021F71A /* VirtioFamily.h in Headers */ = {isa = PBXBuildFile; fileRef = D3D41D311AB84E470021F71A /* VirtioFamily.h */; };
		D3D41D341AB84E470021F71A /* VirtioFamily.cpp in Sources */ = {isa = PBXBuildFile; fileRef = D3D41D331AB84E470021F71A /* VirtioFamily.cpp */; };
		D3D41D3A1AB860CC0021F71A /* VirtioLegacyPCIDevice.cpp in Sources */ = {isa = PBXBuildFile; fileRef = D3D41D381AB860CC0021F71A /* VirtioLegacyPCIDevice.cpp */; };
		D3D41D3B1AB860CC0021F71A /* VirtioLegacyPCIDevice.h in Headers */ = {isa = PBXBuildFile; fileRef = D3D41D391AB860CC0021F71A /* VirtioLegacyPCIDevice.h */; };
		D3D41D3F1AB86AA10021F71A /* VirtioPCIDevice.h in Headers */ = {isa = PBXBuildFile; fileRef = D3D41D3D1AB86AA10021F71A /* VirtioPCIDevice.h */; };
		D3D41D421ABB4D4D0021F71A /* VirtioMemBalloonDevice.cpp in Sources */ = {isa = PBXBuildFile; fileRef = D3D41D401ABB4D4D0021F71A /* VirtioMemBalloonDevice.cpp */; };
		D3D41D431ABB4D4D0021F71A /* VirtioMemBalloonDevice.h in Headers */ = {isa = PBXBuildFile; fileRef = D3D41D411ABB4D4D0021F71A /* VirtioMemBalloonDevice.h */; };
		D3D41D461ABC386B0021F71A /* VirtioDevice.cpp in Sources */ = {isa = PBXBuildFile; fileRef = D3D41D441ABC386B0021F71A /* VirtioDevice.cpp */; };
		D3D41D471ABC386B0021F71A /* VirtioDevice.h in Headers */ = {isa = PBXBuildFile; fileRef = D3D41D451ABC386B0021F71A /* VirtioDevice.h */; };
		D3E6DCE41AC5A231002443CE /* VirtioNetworkDevice.h in Headers */ = {isa = PBXBuildFile; fileRef = D3E6DCE21AC5A231002443CE /* VirtioNetworkDevice.h */; };
/* End PBXBuildFile section */

/* Begin PBXContainerItemProxy section */
		2974DBCA1C98919800413303 /* PBXContainerItemProxy */ = {
			isa = PBXContainerItemProxy;
			containerPortal = 299F18DE13DC183D000200A5 /* Project object */;
			proxyType = 1;
			remoteGlobalIDString = D3D41D2C1AB84E470021F71A;
			remoteInfo = VirtioFamily;
		};
		2974DBD31C98928C00413303 /* PBXContainerItemProxy */ = {
			isa = PBXContainerItemProxy;
			containerPortal = 299F18DE13DC183D000200A5 /* Project object */;
			proxyType = 1;
			remoteGlobalIDString = D3D41D2C1AB84E470021F71A;
			remoteInfo = VirtioFamily;
		};
		2974DBDC1C98931700413303 /* PBXContainerItemProxy */ = {
			isa = PBXContainerItemProxy;
			containerPortal = 299F18DE13DC183D000200A5 /* Project object */;
			proxyType = 1;
			remoteGlobalIDString = 2974DBC61C988CC700413303;
			remoteInfo = VirtioFamilyKextLEPackage;
		};
		2974DBDE1C98931A00413303 /* PBXContainerItemProxy */ = {
			isa = PBXContainerItemProxy;
			containerPortal = 299F18DE13DC183D000200A5 /* Project object */;
			proxyType = 1;
			remoteGlobalIDString = 2974DBCF1C98928600413303;
			remoteInfo = VirtioFamilyKextSLEPackage;
		};
/* End PBXContainerItemProxy section */

/* Begin PBXCopyFilesBuildPhase section */
		2974DBCC1C9891AC00413303 /* CopyFiles */ = {
			isa = PBXCopyFilesBuildPhase;
			buildActionMask = 2147483647;
			dstPath = KextLEPackageContents/Library/Extensions;
			dstSubfolderSpec = 16;
			files = (
				2974DBCD1C9891C800413303 /* VirtioFamily.kext in CopyFiles */,
			);
			runOnlyForDeploymentPostprocessing = 0;
		};
		2974DBD61C98929100413303 /* CopyFiles */ = {
			isa = PBXCopyFilesBuildPhase;
			buildActionMask = 2147483647;
			dstPath = KextSLEPackageContents/System/Library/Extensions;
			dstSubfolderSpec = 16;
			files = (
				2974DBE61C989FD300413303 /* VirtioFamily.kext in CopyFiles */,
			);
			runOnlyForDeploymentPostprocessing = 0;
		};
/* End PBXCopyFilesBuildPhase section */

/* Begin PBXFileReference section */
		294EC536186CCC1D0079686B /* PJMbufMemoryDescriptor.cpp */ = {isa = PBXFileReference; fileEncoding = 4; lastKnownFileType = sourcecode.cpp.cpp; path = PJMbufMemoryDescriptor.cpp; sourceTree = "<group>"; };
		294EC537186CCC1D0079686B /* PJMbufMemoryDescriptor.h */ = {isa = PBXFileReference; fileEncoding = 4; lastKnownFileType = sourcecode.c.h; path = PJMbufMemoryDescriptor.h; sourceTree = "<group>"; };
		294EC53A186D0DC00079686B /* SSDCMultiSubrangeMemoryDescriptor.cpp */ = {isa = PBXFileReference; fileEncoding = 4; lastKnownFileType = sourcecode.cpp.cpp; path = SSDCMultiSubrangeMemoryDescriptor.cpp; sourceTree = "<group>"; };
		294EC53B186D0DC00079686B /* SSDCMultiSubrangeMemoryDescriptor.h */ = {isa = PBXFileReference; fileEncoding = 4; lastKnownFileType = sourcecode.c.h; path = SSDCMultiSubrangeMemoryDescriptor.h; sourceTree = "<group>"; };
		294EC53F186D0EC20079686B /* virtio_net_classes.h */ = {isa = PBXFileReference; lastKnownFileType = sourcecode.c.h; path = virtio_net_classes.h; sourceTree = "<group>"; };
		294EC540186D114D0079686B /* pj_name_prefix.h */ = {isa = PBXFileReference; lastKnownFileType = sourcecode.c.h; path = pj_name_prefix.h; sourceTree = "<group>"; };
		2974DBE21C9894A300413303 /* distribution.xml */ = {isa = PBXFileReference; indentWidth = 4; lastKnownFileType = text.xml; path = distribution.xml; sourceTree = "<group>"; tabWidth = 4; usesTabs = 0; };
		2974DBE41C989A5700413303 /* license.rtf */ = {isa = PBXFileReference; lastKnownFileType = text.rtf; path = license.rtf; sourceTree = "<group>"; };
		2974DBE51C989A5700413303 /* readme.rtf */ = {isa = PBXFileReference; lastKnownFileType = text.rtf; path = readme.rtf; sourceTree = "<group>"; };
		298A5AC313F2BDED00348079 /* LICENSE */ = {isa = PBXFileReference; fileEncoding = 4; lastKnownFileType = text; path = LICENSE; sourceTree = "<group>"; };
		299F18E913DC183D000200A5 /* virtio-net.kext */ = {isa = PBXFileReference; explicitFileType = wrapper.cfbundle; includeInIndex = 0; path = "virtio-net.kext"; sourceTree = BUILT_PRODUCTS_DIR; };
		299F18ED13DC183D000200A5 /* Kernel.framework */ = {isa = PBXFileReference; lastKnownFileType = wrapper.framework; name = Kernel.framework; path = System/Library/Frameworks/Kernel.framework; sourceTree = SDKROOT; };
		299F18F013DC183D000200A5 /* virtio-net-Info.plist */ = {isa = PBXFileReference; lastKnownFileType = text.plist.xml; path = "virtio-net-Info.plist"; sourceTree = "<group>"; };
		299F18F213DC183D000200A5 /* en */ = {isa = PBXFileReference; lastKnownFileType = text.plist.strings; name = en; path = en.lproj/InfoPlist.strings; sourceTree = "<group>"; };
		299F18F413DC183D000200A5 /* virtio-net-Prefix.pch */ = {isa = PBXFileReference; lastKnownFileType = sourcecode.c.h; path = "virtio-net-Prefix.pch"; sourceTree = "<group>"; };
		299F18F513DC183D000200A5 /* virtio_net.h */ = {isa = PBXFileReference; lastKnownFileType = sourcecode.c.h; path = virtio_net.h; sourceTree = "<group>"; };
		299F18F713DC183D000200A5 /* virtio_net.cpp */ = {isa = PBXFileReference; lastKnownFileType = sourcecode.cpp.cpp; path = virtio_net.cpp; sourceTree = "<group>"; };
		29A7E26113E2DC0B00E33939 /* virtio_ring.h */ = {isa = PBXFileReference; fileEncoding = 4; lastKnownFileType = sourcecode.c.h; path = virtio_ring.h; sourceTree = "<group>"; };
		29CD526D13DD86D40062DAA6 /* readme.md */ = {isa = PBXFileReference; fileEncoding = 4; lastKnownFileType = text; name = readme.md; path = ../readme.md; sourceTree = "<group>"; };
		D36B0C851AE6566100EB445E /* VirtioSCSIController.cpp */ = {isa = PBXFileReference; fileEncoding = 4; lastKnownFileType = sourcecode.cpp.cpp; path = VirtioSCSIController.cpp; sourceTree = "<group>"; };
		D36B0C861AE6566100EB445E /* VirtioSCSIController.h */ = {isa = PBXFileReference; fileEncoding = 4; lastKnownFileType = sourcecode.c.h; path = VirtioSCSIController.h; sourceTree = "<group>"; };
		D395DCC51AC96F0C00C4EE18 /* VirtioBlockDevice.cpp */ = {isa = PBXFileReference; fileEncoding = 4; lastKnownFileType = sourcecode.cpp.cpp; path = VirtioBlockDevice.cpp; sourceTree = "<group>"; };
		D395DCC61AC96F0C00C4EE18 /* VirtioBlockDevice.h */ = {isa = PBXFileReference; fileEncoding = 4; lastKnownFileType = sourcecode.c.h; path = VirtioBlockDevice.h; sourceTree = "<group>"; };
		D395DCCB1ACAD4F200C4EE18 /* slist_queue.c */ = {isa = PBXFileReference; fileEncoding = 4; lastKnownFileType = sourcecode.c.c; path = slist_queue.c; sourceTree = "<group>"; };
		D395DCCC1ACAD4F200C4EE18 /* slist_queue.h */ = {isa = PBXFileReference; fileEncoding = 4; lastKnownFileType = sourcecode.c.h; path = slist_queue.h; sourceTree = "<group>"; };
		D395DCCD1ACAD4F200C4EE18 /* slist.c */ = {isa = PBXFileReference; fileEncoding = 4; lastKnownFileType = sourcecode.c.c; path = slist.c; sourceTree = "<group>"; };
		D395DCCE1ACAD4F200C4EE18 /* slist.h */ = {isa = PBXFileReference; fileEncoding = 4; lastKnownFileType = sourcecode.c.h; path = slist.h; sourceTree = "<group>"; };
		D395DCCF1ACAD4F200C4EE18 /* util.h */ = {isa = PBXFileReference; fileEncoding = 4; lastKnownFileType = sourcecode.c.h; path = util.h; sourceTree = "<group>"; };
		D395DCD51ACAF01900C4EE18 /* PJCommandGate.cpp */ = {isa = PBXFileReference; fileEncoding = 4; lastKnownFileType = sourcecode.cpp.cpp; path = PJCommandGate.cpp; sourceTree = "<group>"; };
		D395DCD61ACAF01900C4EE18 /* PJCommandGate.h */ = {isa = PBXFileReference; fileEncoding = 4; lastKnownFileType = sourcecode.c.h; path = PJCommandGate.h; sourceTree = "<group>"; };
		D3D41D2D1AB84E470021F71A /* VirtioFamily.kext */ = {isa = PBXFileReference; explicitFileType = wrapper.cfbundle; includeInIndex = 0; path = VirtioFamily.kext; sourceTree = BUILT_PRODUCTS_DIR; };
		D3D41D301AB84E470021F71A /* Info.plist */ = {isa = PBXFileReference; lastKnownFileType = text.plist.xml; path = Info.plist; sourceTree = "<group>"; };
		D3D41D311AB84E470021F71A /* VirtioFamily.h */ = {isa = PBXFileReference; lastKnownFileType = sourcecode.c.h; path = VirtioFamily.h; sourceTree = "<group>"; };
		D3D41D331AB84E470021F71A /* VirtioFamily.cpp */ = {isa = PBXFileReference; lastKnownFileType = sourcecode.cpp.cpp; path = VirtioFamily.cpp; sourceTree = "<group>"; };
		D3D41D381AB860CC0021F71A /* VirtioLegacyPCIDevice.cpp */ = {isa = PBXFileReference; fileEncoding = 4; lastKnownFileType = sourcecode.cpp.cpp; path = VirtioLegacyPCIDevice.cpp; sourceTree = "<group>"; };
		D3D41D391AB860CC0021F71A /* VirtioLegacyPCIDevice.h */ = {isa = PBXFileReference; fileEncoding = 4; lastKnownFileType = sourcecode.c.h; path = VirtioLegacyPCIDevice.h; sourceTree = "<group>"; };
		D3D41D3C1AB86AA10021F71A /* VirtioPCIDevice.cpp */ = {isa = PBXFileReference; fileEncoding = 4; lastKnownFileType = sourcecode.cpp.cpp; path = VirtioPCIDevice.cpp; sourceTree = "<group>"; };
		D3D41D3D1AB86AA10021F71A /* VirtioPCIDevice.h */ = {isa = PBXFileReference; fileEncoding = 4; lastKnownFileType = sourcecode.c.h; path = VirtioPCIDevice.h; sourceTree = "<group>"; };
		D3D41D401ABB4D4D0021F71A /* VirtioMemBalloonDevice.cpp */ = {isa = PBXFileReference; fileEncoding = 4; lastKnownFileType = sourcecode.cpp.cpp; path = VirtioMemBalloonDevice.cpp; sourceTree = "<group>"; };
		D3D41D411ABB4D4D0021F71A /* VirtioMemBalloonDevice.h */ = {isa = PBXFileReference; fileEncoding = 4; lastKnownFileType = sourcecode.c.h; path = VirtioMemBalloonDevice.h; sourceTree = "<group>"; };
		D3D41D441ABC386B0021F71A /* VirtioDevice.cpp */ = {isa = PBXFileReference; fileEncoding = 4; lastKnownFileType = sourcecode.cpp.cpp; path = VirtioDevice.cpp; sourceTree = "<group>"; };
		D3D41D451ABC386B0021F71A /* VirtioDevice.h */ = {isa = PBXFileReference; fileEncoding = 4; lastKnownFileType = sourcecode.c.h; path = VirtioDevice.h; sourceTree = "<group>"; };
		D3E6DCE11AC5A231002443CE /* VirtioNetworkDevice.cpp */ = {isa = PBXFileReference; fileEncoding = 4; lastKnownFileType = sourcecode.cpp.cpp; path = VirtioNetworkDevice.cpp; sourceTree = "<group>"; };
		D3E6DCE21AC5A231002443CE /* VirtioNetworkDevice.h */ = {isa = PBXFileReference; fileEncoding = 4; lastKnownFileType = sourcecode.c.h; path = VirtioNetworkDevice.h; sourceTree = "<group>"; };
/* End PBXFileReference section */

/* Begin PBXFrameworksBuildPhase section */
		299F18E413DC183D000200A5 /* Frameworks */ = {
			isa = PBXFrameworksBuildPhase;
			buildActionMask = 2147483647;
			files = (
			);
			runOnlyForDeploymentPostprocessing = 0;
		};
		D3D41D291AB84E470021F71A /* Frameworks */ = {
			isa = PBXFrameworksBuildPhase;
			buildActionMask = 2147483647;
			files = (
			);
			runOnlyForDeploymentPostprocessing = 0;
		};
/* End PBXFrameworksBuildPhase section */

/* Begin PBXGroup section */
		2974DBE11C9894A300413303 /* installer */ = {
			isa = PBXGroup;
			children = (
				2974DBE31C9898C400413303 /* resources */,
				2974DBE21C9894A300413303 /* distribution.xml */,
			);
			path = installer;
			sourceTree = "<group>";
		};
		2974DBE31C9898C400413303 /* resources */ = {
			isa = PBXGroup;
			children = (
				2974DBE41C989A5700413303 /* license.rtf */,
				2974DBE51C989A5700413303 /* readme.rtf */,
			);
			path = resources;
			sourceTree = "<group>";
		};
		299F18DC13DC183D000200A5 = {
			isa = PBXGroup;
			children = (
				299F18EE13DC183D000200A5 /* virtio-net */,
				D3D41D2E1AB84E470021F71A /* VirtioFamily */,
				D395DCC91ACAD4C400C4EE18 /* lib */,
				2974DBE11C9894A300413303 /* installer */,
				299F18EB13DC183D000200A5 /* Frameworks */,
				299F18EA13DC183D000200A5 /* Products */,
			);
			sourceTree = "<group>";
		};
		299F18EA13DC183D000200A5 /* Products */ = {
			isa = PBXGroup;
			children = (
				299F18E913DC183D000200A5 /* virtio-net.kext */,
				D3D41D2D1AB84E470021F71A /* VirtioFamily.kext */,
			);
			name = Products;
			sourceTree = "<group>";
		};
		299F18EB13DC183D000200A5 /* Frameworks */ = {
			isa = PBXGroup;
			children = (
				299F18EC13DC183D000200A5 /* Other Frameworks */,
			);
			name = Frameworks;
			sourceTree = "<group>";
		};
		299F18EC13DC183D000200A5 /* Other Frameworks */ = {
			isa = PBXGroup;
			children = (
				299F18ED13DC183D000200A5 /* Kernel.framework */,
			);
			name = "Other Frameworks";
			sourceTree = "<group>";
		};
		299F18EE13DC183D000200A5 /* virtio-net */ = {
			isa = PBXGroup;
			children = (
				294EC53F186D0EC20079686B /* virtio_net_classes.h */,
				29A7E26113E2DC0B00E33939 /* virtio_ring.h */,
				299F18F513DC183D000200A5 /* virtio_net.h */,
				299F18F713DC183D000200A5 /* virtio_net.cpp */,
				294EC540186D114D0079686B /* pj_name_prefix.h */,
				294EC537186CCC1D0079686B /* PJMbufMemoryDescriptor.h */,
				294EC536186CCC1D0079686B /* PJMbufMemoryDescriptor.cpp */,
				294EC53B186D0DC00079686B /* SSDCMultiSubrangeMemoryDescriptor.h */,
				294EC53A186D0DC00079686B /* SSDCMultiSubrangeMemoryDescriptor.cpp */,
				299F18EF13DC183D000200A5 /* Supporting Files */,
				29CD526D13DD86D40062DAA6 /* readme.md */,
			);
			path = "virtio-net";
			sourceTree = "<group>";
		};
		299F18EF13DC183D000200A5 /* Supporting Files */ = {
			isa = PBXGroup;
			children = (
				299F18F013DC183D000200A5 /* virtio-net-Info.plist */,
				299F18F113DC183D000200A5 /* InfoPlist.strings */,
				299F18F413DC183D000200A5 /* virtio-net-Prefix.pch */,
				298A5AC313F2BDED00348079 /* LICENSE */,
			);
			name = "Supporting Files";
			sourceTree = "<group>";
		};
		D395DCC91ACAD4C400C4EE18 /* lib */ = {
			isa = PBXGroup;
			children = (
				D395DCCA1ACAD4C800C4EE18 /* genccont */,
			);
			path = lib;
			sourceTree = "<group>";
		};
		D395DCCA1ACAD4C800C4EE18 /* genccont */ = {
			isa = PBXGroup;
			children = (
				D395DCCF1ACAD4F200C4EE18 /* util.h */,
				D395DCCE1ACAD4F200C4EE18 /* slist.h */,
				D395DCCD1ACAD4F200C4EE18 /* slist.c */,
				D395DCCC1ACAD4F200C4EE18 /* slist_queue.h */,
				D395DCCB1ACAD4F200C4EE18 /* slist_queue.c */,
			);
			name = genccont;
			path = genccont/src;
			sourceTree = "<group>";
		};
		D3D41D2E1AB84E470021F71A /* VirtioFamily */ = {
			isa = PBXGroup;
			children = (
				D3D41D311AB84E470021F71A /* VirtioFamily.h */,
				D3D41D331AB84E470021F71A /* VirtioFamily.cpp */,
				D3D41D451ABC386B0021F71A /* VirtioDevice.h */,
				D3D41D441ABC386B0021F71A /* VirtioDevice.cpp */,
				D3D41D391AB860CC0021F71A /* VirtioLegacyPCIDevice.h */,
				D3D41D381AB860CC0021F71A /* VirtioLegacyPCIDevice.cpp */,
				D3D41D3D1AB86AA10021F71A /* VirtioPCIDevice.h */,
				D3D41D3C1AB86AA10021F71A /* VirtioPCIDevice.cpp */,
				D3D41D411ABB4D4D0021F71A /* VirtioMemBalloonDevice.h */,
				D3D41D401ABB4D4D0021F71A /* VirtioMemBalloonDevice.cpp */,
				D395DCC61AC96F0C00C4EE18 /* VirtioBlockDevice.h */,
				D395DCC51AC96F0C00C4EE18 /* VirtioBlockDevice.cpp */,
				D36B0C861AE6566100EB445E /* VirtioSCSIController.h */,
				D36B0C851AE6566100EB445E /* VirtioSCSIController.cpp */,
				D3E6DCE21AC5A231002443CE /* VirtioNetworkDevice.h */,
				D3E6DCE11AC5A231002443CE /* VirtioNetworkDevice.cpp */,
				D395DCD61ACAF01900C4EE18 /* PJCommandGate.h */,
				D395DCD51ACAF01900C4EE18 /* PJCommandGate.cpp */,
				D3D41D2F1AB84E470021F71A /* Supporting Files */,
			);
			path = VirtioFamily;
			sourceTree = "<group>";
		};
		D3D41D2F1AB84E470021F71A /* Supporting Files */ = {
			isa = PBXGroup;
			children = (
				D3D41D301AB84E470021F71A /* Info.plist */,
			);
			name = "Supporting Files";
			sourceTree = "<group>";
		};
/* End PBXGroup section */

/* Begin PBXHeadersBuildPhase section */
		299F18E513DC183D000200A5 /* Headers */ = {
			isa = PBXHeadersBuildPhase;
			buildActionMask = 2147483647;
			files = (
				299F18F613DC183D000200A5 /* virtio_net.h in Headers */,
				29A7E26213E2DC0B00E33939 /* virtio_ring.h in Headers */,
				294EC539186CCC1D0079686B /* PJMbufMemoryDescriptor.h in Headers */,
				294EC53D186D0DC00079686B /* SSDCMultiSubrangeMemoryDescriptor.h in Headers */,
			);
			runOnlyForDeploymentPostprocessing = 0;
		};
		D3D41D2A1AB84E470021F71A /* Headers */ = {
			isa = PBXHeadersBuildPhase;
			buildActionMask = 2147483647;
			files = (
				D395DCD41ACAD4F200C4EE18 /* util.h in Headers */,
				D395DCD31ACAD4F200C4EE18 /* slist.h in Headers */,
				D3E6DCE41AC5A231002443CE /* VirtioNetworkDevice.h in Headers */,
				D395DCD81ACAF01900C4EE18 /* PJCommandGate.h in Headers */,
				D3D41D321AB84E470021F71A /* VirtioFamily.h in Headers */,
				D395DCC81AC96F0C00C4EE18 /* VirtioBlockDevice.h in Headers */,
				D3D41D431ABB4D4D0021F71A /* VirtioMemBalloonDevice.h in Headers */,
				D3D41D3B1AB860CC0021F71A /* VirtioLegacyPCIDevice.h in Headers */,
				D3D41D471ABC386B0021F71A /* VirtioDevice.h in Headers */,
				D395DCD11ACAD4F200C4EE18 /* slist_queue.h in Headers */,
				D3D41D3F1AB86AA10021F71A /* VirtioPCIDevice.h in Headers */,
				D36B0C881AE6566100EB445E /* VirtioSCSIController.h in Headers */,
			);
			runOnlyForDeploymentPostprocessing = 0;
		};
/* End PBXHeadersBuildPhase section */

/* Begin PBXNativeTarget section */
		299F18E813DC183D000200A5 /* virtio-net */ = {
			isa = PBXNativeTarget;
			buildConfigurationList = 299F18FB13DC183D000200A5 /* Build configuration list for PBXNativeTarget "virtio-net" */;
			buildPhases = (
				299F18E313DC183D000200A5 /* Sources */,
				299F18E413DC183D000200A5 /* Frameworks */,
				299F18E513DC183D000200A5 /* Headers */,
				299F18E613DC183D000200A5 /* Resources */,
				299F18E713DC183D000200A5 /* Rez */,
			);
			buildRules = (
			);
			dependencies = (
			);
			name = "virtio-net";
			productName = "virtio-net";
			productReference = 299F18E913DC183D000200A5 /* virtio-net.kext */;
			productType = "com.apple.product-type.kernel-extension";
		};
		D3D41D2C1AB84E470021F71A /* VirtioFamily */ = {
			isa = PBXNativeTarget;
			buildConfigurationList = D3D41D351AB84E470021F71A /* Build configuration list for PBXNativeTarget "VirtioFamily" */;
			buildPhases = (
				D3D41D281AB84E470021F71A /* Sources */,
				D3D41D291AB84E470021F71A /* Frameworks */,
				D3D41D2A1AB84E470021F71A /* Headers */,
				D3D41D2B1AB84E470021F71A /* Resources */,
			);
			buildRules = (
			);
			dependencies = (
			);
			name = VirtioFamily;
			productName = VirtioFamily;
			productReference = D3D41D2D1AB84E470021F71A /* VirtioFamily.kext */;
			productType = "com.apple.product-type.kernel-extension";
		};
/* End PBXNativeTarget section */

/* Begin PBXProject section */
		299F18DE13DC183D000200A5 /* Project object */ = {
			isa = PBXProject;
			attributes = {
				LastUpgradeCheck = 0420;
				TargetAttributes = {
					2974DBC61C988CC700413303 = {
						CreatedOnToolsVersion = 6.3.2;
					};
					2974DBCF1C98928600413303 = {
						CreatedOnToolsVersion = 6.3.2;
					};
					2974DBD81C98931100413303 = {
						CreatedOnToolsVersion = 6.3.2;
					};
					D3D41D2C1AB84E470021F71A = {
						CreatedOnToolsVersion = 6.2;
					};
				};
			};
			buildConfigurationList = 299F18E113DC183D000200A5 /* Build configuration list for PBXProject "virtio-osx" */;
			compatibilityVersion = "Xcode 3.2";
			developmentRegion = English;
			hasScannedForEncodings = 0;
			knownRegions = (
				en,
			);
			mainGroup = 299F18DC13DC183D000200A5;
			productRefGroup = 299F18EA13DC183D000200A5 /* Products */;
			projectDirPath = "";
			projectRoot = "";
			targets = (
				299F18E813DC183D000200A5 /* virtio-net */,
				D3D41D2C1AB84E470021F71A /* VirtioFamily */,
				2974DBC61C988CC700413303 /* VirtioFamilyKextLEPackage */,
				2974DBCF1C98928600413303 /* VirtioFamilyKextSLEPackage */,
				2974DBD81C98931100413303 /* VirtioFamilyInstaller */,
			);
		};
/* End PBXProject section */

/* Begin PBXResourcesBuildPhase section */
		299F18E613DC183D000200A5 /* Resources */ = {
			isa = PBXResourcesBuildPhase;
			buildActionMask = 2147483647;
			files = (
				299F18F313DC183D000200A5 /* InfoPlist.strings in Resources */,
				29CD526E13DD86D40062DAA6 /* readme.md in Resources */,
				298A5AC413F2BDEE00348079 /* LICENSE in Resources */,
			);
			runOnlyForDeploymentPostprocessing = 0;
		};
		D3D41D2B1AB84E470021F71A /* Resources */ = {
			isa = PBXResourcesBuildPhase;
			buildActionMask = 2147483647;
			files = (
			);
			runOnlyForDeploymentPostprocessing = 0;
		};
/* End PBXResourcesBuildPhase section */

/* Begin PBXRezBuildPhase section */
		299F18E713DC183D000200A5 /* Rez */ = {
			isa = PBXRezBuildPhase;
			buildActionMask = 2147483647;
			files = (
			);
			runOnlyForDeploymentPostprocessing = 0;
		};
/* End PBXRezBuildPhase section */

/* Begin PBXShellScriptBuildPhase section */
		2974DBCE1C9891D400413303 /* ShellScript */ = {
			isa = PBXShellScriptBuildPhase;
			buildActionMask = 2147483647;
			files = (
			);
			inputPaths = (
			);
			outputPaths = (
				"$(CONFIGURATION_BUILD_DIR)/VirtioFamilyKextLE.pkg",
			);
			runOnlyForDeploymentPostprocessing = 0;
			shellPath = /bin/sh;
			shellScript = "pkgbuild \\\n  --root \"${CONFIGURATION_BUILD_DIR}/KextLEPackageContents/\" \\\n  --identifier eu.dennis-jordan.virtiofamily.libext \\\n  --version \"0.9.1\" \\\n  \"${CONFIGURATION_BUILD_DIR}/VirtioFamilyKextLE.pkg\"\n";
			showEnvVarsInLog = 0;
		};
		2974DBD51C98928F00413303 /* ShellScript */ = {
			isa = PBXShellScriptBuildPhase;
			buildActionMask = 2147483647;
			files = (
			);
			inputPaths = (
			);
			outputPaths = (
				"$(CONFIGURATION_BUILD_DIR)/VirtioFamilyKextSLE.pkg",
			);
			runOnlyForDeploymentPostprocessing = 0;
			shellPath = /bin/sh;
			shellScript = "pkgbuild \\\n  --root \"${CONFIGURATION_BUILD_DIR}/KextSLEPackageContents/\" \\\n  --identifier eu.dennis-jordan.virtiofamily.syslibext \\\n  --version \"0.9.1\" \\\n  \"${CONFIGURATION_BUILD_DIR}/VirtioFamilyKextSLE.pkg\"\n";
			showEnvVarsInLog = 0;
		};
		2974DBE01C98932300413303 /* ShellScript */ = {
			isa = PBXShellScriptBuildPhase;
			buildActionMask = 2147483647;
			files = (
			);
			inputPaths = (
			);
			outputPaths = (
				"$(BUILT_PRODUCTS_DIR)/VirtioFamily.pkg",
			);
			runOnlyForDeploymentPostprocessing = 0;
			shellPath = /bin/sh;
			shellScript = "mkdir -p \"${DERIVED_FILE_DIR}\"\n\nproductbuild \\\n  --distribution \"${SRCROOT}/installer/distribution.xml\" \\\n  --package-path \"${CONFIGURATION_BUILD_DIR}/\" \\\n  --version \"0.9.1\" \\\n  --resources \"${SRCROOT}/installer/resources/\" \\\n  \"${DERIVED_FILE_DIR}/VirtioFamily-unsigned.pkg\"\n\nproductsign --sign \"Developer ID Installer\" \"${DERIVED_FILE_DIR}/VirtioFamily-unsigned.pkg\" \"${BUILT_PRODUCTS_DIR}/VirtioFamily.pkg\"\n";
		};
/* End PBXShellScriptBuildPhase section */

/* Begin PBXSourcesBuildPhase section */
		299F18E313DC183D000200A5 /* Sources */ = {
			isa = PBXSourcesBuildPhase;
			buildActionMask = 2147483647;
			files = (
				299F18F813DC183D000200A5 /* virtio_net.cpp in Sources */,
				294EC538186CCC1D0079686B /* PJMbufMemoryDescriptor.cpp in Sources */,
				294EC53C186D0DC00079686B /* SSDCMultiSubrangeMemoryDescriptor.cpp in Sources */,
			);
			runOnlyForDeploymentPostprocessing = 0;
		};
		D3D41D281AB84E470021F71A /* Sources */ = {
			isa = PBXSourcesBuildPhase;
			buildActionMask = 2147483647;
			files = (
				D395DCC71AC96F0C00C4EE18 /* VirtioBlockDevice.cpp in Sources */,
				D395DCD01ACAD4F200C4EE18 /* slist_queue.c in Sources */,
				D36B0C871AE6566100EB445E /* VirtioSCSIController.cpp in Sources */,
				D3A434B01ACAF57800EE7F73 /* SSDCMultiSubrangeMemoryDescriptor.cpp in Sources */,
				D3D41D3A1AB860CC0021F71A /* VirtioLegacyPCIDevice.cpp in Sources */,
				D3D41D461ABC386B0021F71A /* VirtioDevice.cpp in Sources */,
				D3D41D421ABB4D4D0021F71A /* VirtioMemBalloonDevice.cpp in Sources */,
				D395DCD21ACAD4F200C4EE18 /* slist.c in Sources */,
				D3D41D341AB84E470021F71A /* VirtioFamily.cpp in Sources */,
			);
			runOnlyForDeploymentPostprocessing = 0;
		};
/* End PBXSourcesBuildPhase section */

/* Begin PBXTargetDependency section */
		2974DBCB1C98919800413303 /* PBXTargetDependency */ = {
			isa = PBXTargetDependency;
			target = D3D41D2C1AB84E470021F71A /* VirtioFamily */;
			targetProxy = 2974DBCA1C98919800413303 /* PBXContainerItemProxy */;
		};
		2974DBD41C98928C00413303 /* PBXTargetDependency */ = {
			isa = PBXTargetDependency;
			target = D3D41D2C1AB84E470021F71A /* VirtioFamily */;
			targetProxy = 2974DBD31C98928C00413303 /* PBXContainerItemProxy */;
		};
		2974DBDD1C98931700413303 /* PBXTargetDependency */ = {
			isa = PBXTargetDependency;
			target = 2974DBC61C988CC700413303 /* VirtioFamilyKextLEPackage */;
			targetProxy = 2974DBDC1C98931700413303 /* PBXContainerItemProxy */;
		};
		2974DBDF1C98931A00413303 /* PBXTargetDependency */ = {
			isa = PBXTargetDependency;
			target = 2974DBCF1C98928600413303 /* VirtioFamilyKextSLEPackage */;
			targetProxy = 2974DBDE1C98931A00413303 /* PBXContainerItemProxy */;
		};
/* End PBXTargetDependency section */

/* Begin PBXVariantGroup section */
		299F18F113DC183D000200A5 /* InfoPlist.strings */ = {
			isa = PBXVariantGroup;
			children = (
				299F18F213DC183D000200A5 /* en */,
			);
			name = InfoPlist.strings;
			sourceTree = "<group>";
		};
/* End PBXVariantGroup section */

/* Begin XCBuildConfiguration section */
		2974DBC81C988CC800413303 /* Debug */ = {
			isa = XCBuildConfiguration;
			buildSettings = {
				PRODUCT_NAME = "$(TARGET_NAME)";
			};
			name = Debug;
		};
		2974DBC91C988CC800413303 /* Release */ = {
			isa = XCBuildConfiguration;
			buildSettings = {
				PRODUCT_NAME = "$(TARGET_NAME)";
			};
			name = Release;
		};
		2974DBD11C98928600413303 /* Debug */ = {
			isa = XCBuildConfiguration;
			buildSettings = {
				PRODUCT_NAME = "$(TARGET_NAME)";
			};
			name = Debug;
		};
		2974DBD21C98928600413303 /* Release */ = {
			isa = XCBuildConfiguration;
			buildSettings = {
				PRODUCT_NAME = "$(TARGET_NAME)";
			};
			name = Release;
		};
		2974DBDA1C98931100413303 /* Debug */ = {
			isa = XCBuildConfiguration;
			buildSettings = {
				PRODUCT_NAME = "$(TARGET_NAME)";
			};
			name = Debug;
		};
		2974DBDB1C98931100413303 /* Release */ = {
			isa = XCBuildConfiguration;
			buildSettings = {
				PRODUCT_NAME = "$(TARGET_NAME)";
			};
			name = Release;
		};
		299F18F913DC183D000200A5 /* Debug */ = {
			isa = XCBuildConfiguration;
			buildSettings = {
				ARCHS = "$(ARCHS_STANDARD)";
				CODE_SIGN_IDENTITY = "Developer ID Application";
				GCC_C_LANGUAGE_STANDARD = gnu99;
				GCC_OPTIMIZATION_LEVEL = 0;
				GCC_PREPROCESSOR_DEFINITIONS = "PJ_NAME_PREFIX=eu_dennis__jordan_driver_";
				GCC_SYMBOLS_PRIVATE_EXTERN = NO;
				GCC_WARN_64_TO_32_BIT_CONVERSION = YES;
				GCC_WARN_ABOUT_RETURN_TYPE = YES;
				GCC_WARN_UNUSED_VARIABLE = YES;
				MACOSX_DEPLOYMENT_TARGET = 10.8;
				ONLY_ACTIVE_ARCH = NO;
				SDKROOT = macosx;
			};
			name = Debug;
		};
		299F18FA13DC183D000200A5 /* Release */ = {
			isa = XCBuildConfiguration;
			buildSettings = {
				ARCHS = "$(ARCHS_STANDARD)";
				CODE_SIGN_IDENTITY = "Developer ID Application";
				GCC_C_LANGUAGE_STANDARD = gnu99;
				GCC_PREPROCESSOR_DEFINITIONS = "PJ_NAME_PREFIX=eu_dennis__jordan_driver_";
				GCC_WARN_64_TO_32_BIT_CONVERSION = YES;
				GCC_WARN_ABOUT_RETURN_TYPE = YES;
				GCC_WARN_UNUSED_VARIABLE = YES;
				MACOSX_DEPLOYMENT_TARGET = 10.8;
				SDKROOT = macosx;
			};
			name = Release;
		};
		299F18FC13DC183D000200A5 /* Debug */ = {
			isa = XCBuildConfiguration;
			buildSettings = {
				ALWAYS_SEARCH_USER_PATHS = NO;
				COPY_PHASE_STRIP = NO;
				CURRENT_PROJECT_VERSION = 0.9.4b3;
				GCC_DYNAMIC_NO_PIC = NO;
				GCC_ENABLE_OBJC_EXCEPTIONS = YES;
				GCC_PRECOMPILE_PREFIX_HEADER = YES;
				GCC_PREFIX_HEADER = "virtio-net/virtio-net-Prefix.pch";
				INFOPLIST_FILE = "virtio-net/virtio-net-Info.plist";
				MODULE_NAME = eu.philjordan.driver.VirtioNet;
				MODULE_VERSION = 0.9.5b4;
				PRODUCT_NAME = "$(TARGET_NAME)";
				WRAPPER_EXTENSION = kext;
			};
			name = Debug;
		};
		299F18FD13DC183D000200A5 /* Release */ = {
			isa = XCBuildConfiguration;
			buildSettings = {
				ALWAYS_SEARCH_USER_PATHS = NO;
				COPY_PHASE_STRIP = YES;
				CURRENT_PROJECT_VERSION = 0.9.4b3;
				DEBUG_INFORMATION_FORMAT = "dwarf-with-dsym";
				GCC_ENABLE_OBJC_EXCEPTIONS = YES;
				GCC_PRECOMPILE_PREFIX_HEADER = YES;
				GCC_PREFIX_HEADER = "virtio-net/virtio-net-Prefix.pch";
				INFOPLIST_FILE = "virtio-net/virtio-net-Info.plist";
				MODULE_NAME = eu.philjordan.driver.VirtioNet;
				MODULE_VERSION = 0.9.5b4;
				PRODUCT_NAME = "$(TARGET_NAME)";
				WRAPPER_EXTENSION = kext;
			};
			name = Release;
		};
		D3D41D361AB84E470021F71A /* Debug */ = {
			isa = XCBuildConfiguration;
			buildSettings = {
				ALWAYS_SEARCH_USER_PATHS = NO;
				CLANG_CXX_LANGUAGE_STANDARD = "gnu++0x";
				CLANG_ENABLE_MODULES = YES;
				CLANG_ENABLE_OBJC_ARC = YES;
				CLANG_WARN_BOOL_CONVERSION = YES;
				CLANG_WARN_CONSTANT_CONVERSION = YES;
				CLANG_WARN_DIRECT_OBJC_ISA_USAGE = YES_ERROR;
				CLANG_WARN_EMPTY_BODY = YES;
				CLANG_WARN_ENUM_CONVERSION = YES;
				CLANG_WARN_INT_CONVERSION = YES;
				CLANG_WARN_OBJC_ROOT_CLASS = YES_ERROR;
				CLANG_WARN_SUSPICIOUS_IMPLICIT_CONVERSION = YES;
				CLANG_WARN_UNREACHABLE_CODE = YES;
				CLANG_WARN__DUPLICATE_METHOD_MATCH = YES;
				COMBINE_HIDPI_IMAGES = YES;
				COPY_PHASE_STRIP = NO;
				CURRENT_PROJECT_VERSION = 0.9b1;
				ENABLE_STRICT_OBJC_MSGSEND = YES;
				GCC_DYNAMIC_NO_PIC = NO;
				GCC_PREFIX_HEADER = VirtioFamily/VirtioFamily.h;
				GCC_PREPROCESSOR_DEFINITIONS = (
					"DEBUG=1",
					"$(inherited)",
					MACH_ASSERT,
				);
				GCC_WARN_ABOUT_RETURN_TYPE = YES_ERROR;
				GCC_WARN_UNDECLARED_SELECTOR = YES;
				GCC_WARN_UNINITIALIZED_AUTOS = YES_AGGRESSIVE;
				GCC_WARN_UNUSED_FUNCTION = YES;
				INFOPLIST_FILE = VirtioFamily/Info.plist;
				MODULE_NAME = "eu.dennis-jordan.driver.VirtioFamily";
				MODULE_VERSION = 0.9b1;
				MTL_ENABLE_DEBUG_INFO = YES;
				ONLY_ACTIVE_ARCH = YES;
				PRODUCT_NAME = "$(TARGET_NAME)";
				WRAPPER_EXTENSION = kext;
			};
			name = Debug;
		};
		D3D41D371AB84E470021F71A /* Release */ = {
			isa = XCBuildConfiguration;
			buildSettings = {
				ALWAYS_SEARCH_USER_PATHS = NO;
				CLANG_CXX_LANGUAGE_STANDARD = "gnu++0x";
				CLANG_ENABLE_MODULES = YES;
				CLANG_ENABLE_OBJC_ARC = YES;
				CLANG_WARN_BOOL_CONVERSION = YES;
				CLANG_WARN_CONSTANT_CONVERSION = YES;
				CLANG_WARN_DIRECT_OBJC_ISA_USAGE = YES_ERROR;
				CLANG_WARN_EMPTY_BODY = YES;
				CLANG_WARN_ENUM_CONVERSION = YES;
				CLANG_WARN_INT_CONVERSION = YES;
				CLANG_WARN_OBJC_ROOT_CLASS = YES_ERROR;
				CLANG_WARN_SUSPICIOUS_IMPLICIT_CONVERSION = YES;
				CLANG_WARN_UNREACHABLE_CODE = YES;
				CLANG_WARN__DUPLICATE_METHOD_MATCH = YES;
				COMBINE_HIDPI_IMAGES = YES;
				COPY_PHASE_STRIP = NO;
				CURRENT_PROJECT_VERSION = 0.9b1;
				DEBUG_INFORMATION_FORMAT = "dwarf-with-dsym";
				ENABLE_NS_ASSERTIONS = NO;
				ENABLE_STRICT_OBJC_MSGSEND = YES;
				GCC_PREFIX_HEADER = VirtioFamily/VirtioFamily.h;
				GCC_WARN_ABOUT_RETURN_TYPE = YES_ERROR;
				GCC_WARN_UNDECLARED_SELECTOR = YES;
				GCC_WARN_UNINITIALIZED_AUTOS = YES_AGGRESSIVE;
				GCC_WARN_UNUSED_FUNCTION = YES;
				INFOPLIST_FILE = VirtioFamily/Info.plist;
				MODULE_NAME = "eu.dennis-jordan.driver.VirtioFamily";
				MODULE_VERSION = 0.9b1;
				MTL_ENABLE_DEBUG_INFO = NO;
				PRODUCT_NAME = "$(TARGET_NAME)";
				WRAPPER_EXTENSION = kext;
			};
			name = Release;
		};
/* End XCBuildConfiguration section */

/* Begin XCConfigurationList section */
		2974DBC71C988CC800413303 /* Build configuration list for PBXAggregateTarget "VirtioFamilyKextLEPackage" */ = {
			isa = XCConfigurationList;
			buildConfigurations = (
				2974DBC81C988CC800413303 /* Debug */,
				2974DBC91C988CC800413303 /* Release */,
			);
			defaultConfigurationIsVisible = 0;
			defaultConfigurationName = Release;
		};
		2974DBD01C98928600413303 /* Build configuration list for PBXAggregateTarget "VirtioFamilyKextSLEPackage" */ = {
			isa = XCConfigurationList;
			buildConfigurations = (
				2974DBD11C98928600413303 /* Debug */,
				2974DBD21C98928600413303 /* Release */,
			);
			defaultConfigurationIsVisible = 0;
			defaultConfigurationName = Release;
		};
		2974DBD91C98931100413303 /* Build configuration list for PBXAggregateTarget "VirtioFamilyInstaller" */ = {
			isa = XCConfigurationList;
			buildConfigurations = (
				2974DBDA1C98931100413303 /* Debug */,
				2974DBDB1C98931100413303 /* Release */,
			);
			defaultConfigurationIsVisible = 0;
			defaultConfigurationName = Release;
		};
		299F18E113DC183D000200A5 /* Build configuration list for PBXProject "virtio-osx" */ = {
			isa = XCConfigurationList;
			buildConfigurations = (
				299F18F913DC183D000200A5 /* Debug */,
				299F18FA13DC183D000200A5 /* Release */,
			);
			defaultConfigurationIsVisible = 0;
			defaultConfigurationName = Release;
		};
		299F18FB13DC183D000200A5 /* Build configuration list for PBXNativeTarget "virtio-net" */ = {
			isa = XCConfigurationList;
			buildConfigurations = (
				299F18FC13DC183D000200A5 /* Debug */,
				299F18FD13DC183D000200A5 /* Release */,
			);
			defaultConfigurationIsVisible = 0;
			defaultConfigurationName = Release;
		};
		D3D41D351AB84E470021F71A /* Build configuration list for PBXNativeTarget "VirtioFamily" */ = {
			isa = XCConfigurationList;
			buildConfigurations = (
				D3D41D361AB84E470021F71A /* Debug */,
				D3D41D371AB84E470021F71A /* Release */,
			);
			defaultConfigurationIsVisible = 0;
			defaultConfigurationName = Release;
		};
/* End XCConfigurationList section */
	};
	rootObject = 299F18DE13DC183D000200A5 /* Project object */;
}
